
Microsoft Visual Studio Solution File, Format Version 12.00
# Visual Studio 15
VisualStudioVersion = 15.0.28307.421
MinimumVisualStudioVersion = 10.0.40219.1
Project("{888888A0-9F3D-457C-B088-3A5042F75D52}") = "IPHandler", "IPHandler\IPHandler.pyproj", "{433B3D3F-4E50-4779-B821-6DDDECCE4A05}"
EndProject
Global
	GlobalSection(SolutionConfigurationPlatforms) = preSolution
		Debug|Any CPU = Debug|Any CPU
		Release|Any CPU = Release|Any CPU
	EndGlobalSection
	GlobalSection(ProjectConfigurationPlatforms) = postSolution
		{433B3D3F-4E50-4779-B821-6DDDECCE4A05}.Debug|Any CPU.ActiveCfg = Debug|Any CPU
		{433B3D3F-4E50-4779-B821-6DDDECCE4A05}.Release|Any CPU.ActiveCfg = Release|Any CPU
	EndGlobalSection
	GlobalSection(SolutionProperties) = preSolution
		HideSolutionNode = FALSE
	EndGlobalSection
	GlobalSection(ExtensibilityGlobals) = postSolution
		SolutionGuid = {0884A5D2-5AA0-47E1-A7B4-E8AD2489BEBB}
	EndGlobalSection
EndGlobal
